
Microsoft Visual Studio Solution File, Format Version 12.00
# Visual Studio 14
VisualStudioVersion = 14.0.25420.1
MinimumVisualStudioVersion = 10.0.40219.1
Project("{FAE04EC0-301F-11D3-BF4B-00C04F79EFBC}") = "Michom", "WindowsFormsApplication1\Michom.csproj", "{6ADAB2BB-DF6A-4C9E-BFE8-79A88F4D4344}"
EndProject
Project("{FAE04EC0-301F-11D3-BF4B-00C04F79EFBC}") = "michomeframework", "michomeframework\michomeframework.csproj", "{DBE15D0A-AE8F-43A3-849B-88F2F7E64DAE}"
EndProject
Project("{FAE04EC0-301F-11D3-BF4B-00C04F79EFBC}") = "Michomeclient", "Michomeclient\Michomeclient.csproj", "{C36FC696-9EFC-48C6-8C8A-AE6F8454A593}"
EndProject
Global
	GlobalSection(SolutionConfigurationPlatforms) = preSolution
		Debug|Any CPU = Debug|Any CPU
		Release|Any CPU = Release|Any CPU
	EndGlobalSection
	GlobalSection(ProjectConfigurationPlatforms) = postSolution
		{6ADAB2BB-DF6A-4C9E-BFE8-79A88F4D4344}.Debug|Any CPU.ActiveCfg = Debug|Any CPU
		{6ADAB2BB-DF6A-4C9E-BFE8-79A88F4D4344}.Debug|Any CPU.Build.0 = Debug|Any CPU
		{6ADAB2BB-DF6A-4C9E-BFE8-79A88F4D4344}.Release|Any CPU.ActiveCfg = Release|Any CPU
		{6ADAB2BB-DF6A-4C9E-BFE8-79A88F4D4344}.Release|Any CPU.Build.0 = Release|Any CPU
		{DBE15D0A-AE8F-43A3-849B-88F2F7E64DAE}.Debug|Any CPU.ActiveCfg = Debug|Any CPU
		{DBE15D0A-AE8F-43A3-849B-88F2F7E64DAE}.Debug|Any CPU.Build.0 = Debug|Any CPU
		{DBE15D0A-AE8F-43A3-849B-88F2F7E64DAE}.Release|Any CPU.ActiveCfg = Release|Any CPU
		{DBE15D0A-AE8F-43A3-849B-88F2F7E64DAE}.Release|Any CPU.Build.0 = Release|Any CPU
		{C36FC696-9EFC-48C6-8C8A-AE6F8454A593}.Debug|Any CPU.ActiveCfg = Debug|Any CPU
		{C36FC696-9EFC-48C6-8C8A-AE6F8454A593}.Debug|Any CPU.Build.0 = Debug|Any CPU
		{C36FC696-9EFC-48C6-8C8A-AE6F8454A593}.Release|Any CPU.ActiveCfg = Release|Any CPU
		{C36FC696-9EFC-48C6-8C8A-AE6F8454A593}.Release|Any CPU.Build.0 = Release|Any CPU
	EndGlobalSection
	GlobalSection(SolutionProperties) = preSolution
		HideSolutionNode = FALSE
	EndGlobalSection
EndGlobal
