
Microsoft Visual Studio Solution File, Format Version 12.00
# Visual Studio Version 16
VisualStudioVersion = 16.0.29613.14
MinimumVisualStudioVersion = 10.0.40219.1
Project("{FAE04EC0-301F-11D3-BF4B-00C04F79EFBC}") = "michomeframework", "michomeframework.csproj", "{DBE15D0A-AE8F-43A3-849B-88F2F7E64DAE}"
EndProject
Global
	GlobalSection(SolutionConfigurationPlatforms) = preSolution
		Debug|Any CPU = Debug|Any CPU
		Release|Any CPU = Release|Any CPU
	EndGlobalSection
	GlobalSection(ProjectConfigurationPlatforms) = postSolution
		{DBE15D0A-AE8F-43A3-849B-88F2F7E64DAE}.Debug|Any CPU.ActiveCfg = Debug|Any CPU
		{DBE15D0A-AE8F-43A3-849B-88F2F7E64DAE}.Debug|Any CPU.Build.0 = Debug|Any CPU
		{DBE15D0A-AE8F-43A3-849B-88F2F7E64DAE}.Release|Any CPU.ActiveCfg = Release|Any CPU
		{DBE15D0A-AE8F-43A3-849B-88F2F7E64DAE}.Release|Any CPU.Build.0 = Release|Any CPU
	EndGlobalSection
	GlobalSection(SolutionProperties) = preSolution
		HideSolutionNode = FALSE
	EndGlobalSection
	GlobalSection(ExtensibilityGlobals) = postSolution
		SolutionGuid = {5AE84E5D-A2F6-44A4-86A6-E6F40660F72E}
	EndGlobalSection
EndGlobal
